
Microsoft Visual Studio Solution File, Format Version 12.00
# Visual Studio Version 16
VisualStudioVersion = 16.0.30611.23
MinimumVisualStudioVersion = 10.0.40219.1
Project("{FAE04EC0-301F-11D3-BF4B-00C04F79EFBC}") = "App.NET", "App.NET\App.NET.csproj", "{9B863B37-D90A-404D-B3BF-94D910C1D0A9}"
EndProject
Project("{2150E333-8FDC-42A3-9474-1A3956D46DE8}") = "App.NET", "App.NET", "{0736EDCB-B534-4C37-8E9D-F434E02EB604}"
EndProject
Global
	GlobalSection(SolutionConfigurationPlatforms) = preSolution
		Debug|Any CPU = Debug|Any CPU
		Release|Any CPU = Release|Any CPU
	EndGlobalSection
	GlobalSection(ProjectConfigurationPlatforms) = postSolution
		{9B863B37-D90A-404D-B3BF-94D910C1D0A9}.Debug|Any CPU.ActiveCfg = Debug|Any CPU
		{9B863B37-D90A-404D-B3BF-94D910C1D0A9}.Debug|Any CPU.Build.0 = Debug|Any CPU
		{9B863B37-D90A-404D-B3BF-94D910C1D0A9}.Release|Any CPU.ActiveCfg = Release|Any CPU
		{9B863B37-D90A-404D-B3BF-94D910C1D0A9}.Release|Any CPU.Build.0 = Release|Any CPU
	EndGlobalSection
	GlobalSection(SolutionProperties) = preSolution
		HideSolutionNode = FALSE
	EndGlobalSection
	GlobalSection(NestedProjects) = preSolution
		{9B863B37-D90A-404D-B3BF-94D910C1D0A9} = {0736EDCB-B534-4C37-8E9D-F434E02EB604}
	EndGlobalSection
	GlobalSection(ExtensibilityGlobals) = postSolution
		SolutionGuid = {A42866D6-7BD9-4D5C-97F4-C3F2B1FEB44A}
	EndGlobalSection
EndGlobal
